
Microsoft Visual Studio Solution File, Format Version 11.00
# Visual Basic Express 2010
Project("{F184B08F-C81C-45F6-A57F-5ABD9991F28F}") = "Spez Browser Installer", "Spez Browser Installer\Spez Browser Installer.vbproj", "{3788943C-666D-4127-BBE0-3155438D47D3}"
EndProject
Global
	GlobalSection(SolutionConfigurationPlatforms) = preSolution
		Debug|x86 = Debug|x86
		Release|x86 = Release|x86
	EndGlobalSection
	GlobalSection(ProjectConfigurationPlatforms) = postSolution
		{3788943C-666D-4127-BBE0-3155438D47D3}.Debug|x86.ActiveCfg = Debug|x86
		{3788943C-666D-4127-BBE0-3155438D47D3}.Debug|x86.Build.0 = Debug|x86
		{3788943C-666D-4127-BBE0-3155438D47D3}.Release|x86.ActiveCfg = Release|x86
		{3788943C-666D-4127-BBE0-3155438D47D3}.Release|x86.Build.0 = Release|x86
	EndGlobalSection
	GlobalSection(SolutionProperties) = preSolution
		HideSolutionNode = FALSE
	EndGlobalSection
EndGlobal
